
Microsoft Visual Studio Solution File, Format Version 12.00
# Visual Studio 15
VisualStudioVersion = 15.0.27004.2002
MinimumVisualStudioVersion = 10.0.40219.1
Project("{FAE04EC0-301F-11D3-BF4B-00C04F79EFBC}") = "WebCoreBingSearch", "WebCoreBingSearch\WebCoreBingSearch.csproj", "{9512A42E-09D2-4782-B9BE-9FC4B55334A3}"
EndProject
Project("{FAE04EC0-301F-11D3-BF4B-00C04F79EFBC}") = "ConsoleBingSearch", "ConsoleBingSearch\ConsoleBingSearch.csproj", "{1030EF6E-73E7-4410-873A-777021EFDFF9}"
EndProject
Global
	GlobalSection(SolutionConfigurationPlatforms) = preSolution
		Debug|Any CPU = Debug|Any CPU
		Release|Any CPU = Release|Any CPU
	EndGlobalSection
	GlobalSection(ProjectConfigurationPlatforms) = postSolution
		{9512A42E-09D2-4782-B9BE-9FC4B55334A3}.Debug|Any CPU.ActiveCfg = Debug|Any CPU
		{9512A42E-09D2-4782-B9BE-9FC4B55334A3}.Debug|Any CPU.Build.0 = Debug|Any CPU
		{9512A42E-09D2-4782-B9BE-9FC4B55334A3}.Release|Any CPU.ActiveCfg = Release|Any CPU
		{9512A42E-09D2-4782-B9BE-9FC4B55334A3}.Release|Any CPU.Build.0 = Release|Any CPU
		{1030EF6E-73E7-4410-873A-777021EFDFF9}.Debug|Any CPU.ActiveCfg = Debug|Any CPU
		{1030EF6E-73E7-4410-873A-777021EFDFF9}.Debug|Any CPU.Build.0 = Debug|Any CPU
		{1030EF6E-73E7-4410-873A-777021EFDFF9}.Release|Any CPU.ActiveCfg = Release|Any CPU
		{1030EF6E-73E7-4410-873A-777021EFDFF9}.Release|Any CPU.Build.0 = Release|Any CPU
	EndGlobalSection
	GlobalSection(SolutionProperties) = preSolution
		HideSolutionNode = FALSE
	EndGlobalSection
	GlobalSection(ExtensibilityGlobals) = postSolution
		SolutionGuid = {D53BFC8C-AB09-4F6B-8637-24AF0E27AE1E}
	EndGlobalSection
EndGlobal
